
Microsoft Visual Studio Solution File, Format Version 12.00
Project("{FAE04EC0-301F-11D3-BF4B-00C04F79EFBC}") = "TeamProject.Api", "TeamProject.Api\TeamProject.Api.csproj", "{9E44AEA9-CBF0-4308-9242-AB9B526DE786}"
EndProject
Project("{FAE04EC0-301F-11D3-BF4B-00C04F79EFBC}") = "TeamProject.Domain", "TeamProject.Domain\TeamProject.Domain.csproj", "{8C6FE482-EB6E-4295-97B4-C51679ABE3C9}"
EndProject
Project("{FAE04EC0-301F-11D3-BF4B-00C04F79EFBC}") = "TeamProject.Dto", "TeamProject.Dto\TeamProject.Dto.csproj", "{E56DC753-6632-474E-996A-BF1673C1CDA2}"
EndProject
Project("{FAE04EC0-301F-11D3-BF4B-00C04F79EFBC}") = "TeamProject.Application", "TeamProject.Application\TeamProject.Application.csproj", "{1DF5E7CF-C484-42DC-953C-B8C7DA101664}"
EndProject
Global
	GlobalSection(SolutionConfigurationPlatforms) = preSolution
		Debug|Any CPU = Debug|Any CPU
		Release|Any CPU = Release|Any CPU
	EndGlobalSection
	GlobalSection(ProjectConfigurationPlatforms) = postSolution
		{9E44AEA9-CBF0-4308-9242-AB9B526DE786}.Debug|Any CPU.ActiveCfg = Debug|Any CPU
		{9E44AEA9-CBF0-4308-9242-AB9B526DE786}.Debug|Any CPU.Build.0 = Debug|Any CPU
		{9E44AEA9-CBF0-4308-9242-AB9B526DE786}.Release|Any CPU.ActiveCfg = Release|Any CPU
		{9E44AEA9-CBF0-4308-9242-AB9B526DE786}.Release|Any CPU.Build.0 = Release|Any CPU
		{8C6FE482-EB6E-4295-97B4-C51679ABE3C9}.Debug|Any CPU.ActiveCfg = Debug|Any CPU
		{8C6FE482-EB6E-4295-97B4-C51679ABE3C9}.Debug|Any CPU.Build.0 = Debug|Any CPU
		{8C6FE482-EB6E-4295-97B4-C51679ABE3C9}.Release|Any CPU.ActiveCfg = Release|Any CPU
		{8C6FE482-EB6E-4295-97B4-C51679ABE3C9}.Release|Any CPU.Build.0 = Release|Any CPU
		{E56DC753-6632-474E-996A-BF1673C1CDA2}.Debug|Any CPU.ActiveCfg = Debug|Any CPU
		{E56DC753-6632-474E-996A-BF1673C1CDA2}.Debug|Any CPU.Build.0 = Debug|Any CPU
		{E56DC753-6632-474E-996A-BF1673C1CDA2}.Release|Any CPU.ActiveCfg = Release|Any CPU
		{E56DC753-6632-474E-996A-BF1673C1CDA2}.Release|Any CPU.Build.0 = Release|Any CPU
		{1DF5E7CF-C484-42DC-953C-B8C7DA101664}.Debug|Any CPU.ActiveCfg = Debug|Any CPU
		{1DF5E7CF-C484-42DC-953C-B8C7DA101664}.Debug|Any CPU.Build.0 = Debug|Any CPU
		{1DF5E7CF-C484-42DC-953C-B8C7DA101664}.Release|Any CPU.ActiveCfg = Release|Any CPU
		{1DF5E7CF-C484-42DC-953C-B8C7DA101664}.Release|Any CPU.Build.0 = Release|Any CPU
	EndGlobalSection
EndGlobal
